<?xml version="1.0" encoding="utf-8"?>
<Project ToolsVersion="16.0" xmlns="http://schemas.microsoft.com/developer/msbuild/2003">
  <ItemGroup>
    <CustomBuild Include="D:\Riz\build_check\CMakeFiles\44755251c59273f33e10dbba038d87ce\generate.stamp.rule">
      <Filter>CMake Rules</Filter>
    </CustomBuild>
  </ItemGroup>
  <ItemGroup>
    <Filter Include="CMake Rules">
      <UniqueIdentifier>{FC405976-F178-3F45-B584-59AAF4689010}</UniqueIdentifier>
    </Filter>
  </ItemGroup>
</Project>
